{
  "name": "incheon-client",
  "version": "1.0.0",
  "lockfileVersion": 1,
  "requires": true,
  "dependencies": {
    "colors": {
      "version": "1.2.1",
      "resolved": "https://registry.npmjs.org/colors/-/colors-1.2.1.tgz",
      "integrity": "sha512-s8+wktIuDSLffCywiwSxQOMqtPxML11a/dtHE17tMn4B1MSWw/C22EKf7M2KGUBcDaVFEGT+S8N02geDXeuNKg=="
    },
    "keypress": {
      "version": "0.2.1",
      "resolved": "https://registry.npmjs.org/keypress/-/keypress-0.2.1.tgz",
      "integrity": "sha1-HoBFQlABjbrUw/6USX1uZ7YmnHc="
    },
    "native-or-another": {
      "version": "2.0.0",
      "resolved": "https://registry.npmjs.org/native-or-another/-/native-or-another-2.0.0.tgz",
      "integrity": "sha1-F6Vn+Svuqc1xrP+Wp2gac17KO/8=",
      "requires": {
        "native-or-bluebird": "1.2.0"
      }
    },
    "native-or-bluebird": {
      "version": "1.2.0",
      "resolved": "https://registry.npmjs.org/native-or-bluebird/-/native-or-bluebird-1.2.0.tgz",
      "integrity": "sha1-OcR7/Xgl0fuf+tMiEK4l2q3xAck="
    },
    "promise-sync": {
      "version": "1.1.7",
      "resolved": "https://registry.npmjs.org/promise-sync/-/promise-sync-1.1.7.tgz",
      "integrity": "sha512-RpxfKn9wZYFNC3ub5MzzYA309011psqB37DE8uGz5ZVwiMZTWEOdBIE4v5lRZDsAsvWbGP/mJsMb64U7o3jvBw=="
    },
    "prompt-promise": {
      "version": "1.0.3",
      "resolved": "https://registry.npmjs.org/prompt-promise/-/prompt-promise-1.0.3.tgz",
      "integrity": "sha1-eM5Py5oUoQjEkXTy2AjEQNG94mU=",
      "requires": {
        "keypress": "0.2.1",
        "native-or-another": "2.0.0"
      }
    },
    "prompt-sync": {
      "version": "4.1.6",
      "resolved": "https://registry.npmjs.org/prompt-sync/-/prompt-sync-4.1.6.tgz",
      "integrity": "sha512-dYjDha0af2vefm6soqnPnFEz2tAzwH/kb+pPoaCohRoPUxFXj+mymkOFgxX7Ylv59TdEr7OzktEizdK7MIMvIw=="
    },
    "uws": {
      "version": "9.148.0",
      "resolved": "https://registry.npmjs.org/uws/-/uws-9.148.0.tgz",
      "integrity": "sha512-vWt+e8dOdwLM4neb1xIeZuQ7ZUN3l7n0qTKrOUtU1EZrV4BpmrSnsEL30d062/ocqRMGtLpwzVFsLKFgXomA9g=="
    }
  }
}
